PATH
  remote: ..
  specs:
    openapi_first (1.1.0)
      json_refs (~> 0.1, >= 0.1.7)
      json_schemer (~> 2.1.0)
      multi_json (~> 1.15)
      mustermann-contrib (~> 3.0.0)
      openapi_parameters (>= 0.3.2, < 2.0)
      rack (>= 2.2, < 4.0)

GEM
  remote: https://rubygems.org/
  specs:
    base64 (0.2.0)
    benchmark-ips (2.13.0)
    benchmark-memory (0.2.0)
      memory_profiler (~> 1)
    committee (5.0.0)
      json_schema (~> 0.14, >= 0.14.3)
      openapi_parser (~> 1.0)
      rack (>= 1.5)
    hana (1.3.7)
    hansi (0.2.1)
    json_refs (0.1.8)
      hana
    json_schema (0.21.0)
    json_schemer (2.1.1)
      hana (~> 1.3)
      regexp_parser (~> 2.0)
      simpleidn (~> 0.2)
    memory_profiler (1.0.1)
    multi_json (1.15.0)
    mustermann (3.0.0)
      ruby2_keywords (~> 0.0.1)
    mustermann-contrib (3.0.0)
      hansi (~> 0.2.0)
      mustermann (= 3.0.0)
    nio4r (2.7.0)
    openapi_parameters (0.3.2)
      rack (>= 2.2)
      zeitwerk (~> 2.6)
    openapi_parser (1.0.0)
    puma (6.4.2)
      nio4r (~> 2.0)
    rack (2.2.8)
    rack-protection (3.2.0)
      base64 (>= 0.1.0)
      rack (~> 2.2, >= 2.2.4)
    regexp_parser (2.9.0)
    ruby2_keywords (0.0.5)
    simpleidn (0.2.1)
      unf (~> 0.1.4)
    sinatra (3.2.0)
      mustermann (~> 3.0)
      rack (~> 2.2, >= 2.2.4)
      rack-protection (= 3.2.0)
      tilt (~> 2.0)
    tilt (2.3.0)
    unf (0.1.4)
      unf_ext
    unf_ext (0.0.9.1)
    zeitwerk (2.6.12)

PLATFORMS
  arm64-darwin-21
  arm64-darwin-22
  x86_64-linux

DEPENDENCIES
  benchmark-ips
  benchmark-memory
  committee
  multi_json
  openapi_first!
  puma
  sinatra

BUNDLED WITH
   2.3.10
